// !$*UTF8*$!
{
	archiveVersion = 1;
	classes = {
	};
	objectVersion = 50;
	objects = {

/* Begin PBXBuildFile section */
		0AC9A150251A970D0013F9C7 /* AppDelegate.swift in Sources */ = {isa = PBXBuildFile; fileRef = 0AC9A14F251A970D0013F9C7 /* AppDelegate.swift */; };
		0AC9A152251A970D0013F9C7 /* SceneDelegate.swift in Sources */ = {isa = PBXBuildFile; fileRef = 0AC9A151251A970D0013F9C7 /* SceneDelegate.swift */; };
		0AC9A154251A970D0013F9C7 /* ViewController.swift in Sources */ = {isa = PBXBuildFile; fileRef = 0AC9A153251A970D0013F9C7 /* ViewController.swift */; };
		0AC9A157251A970D0013F9C7 /* Main.storyboard in Resources */ = {isa = PBXBuildFile; fileRef = 0AC9A155251A970D0013F9C7 /* Main.storyboard */; };
		0AC9A159251A97100013F9C7 /* Assets.xcassets in Resources */ = {isa = PBXBuildFile; fileRef = 0AC9A158251A97100013F9C7 /* Assets.xcassets */; };
		0AC9A15C251A97100013F9C7 /* LaunchScreen.storyboard in Resources */ = {isa = PBXBuildFile; fileRef = 0AC9A15A251A97100013F9C7 /* LaunchScreen.storyboard */; };
		0AC9A16D251A984C0013F9C7 /* PessoaFisica.swift in Sources */ = {isa = PBXBuildFile; fileRef = 0AC9A16C251A984C0013F9C7 /* PessoaFisica.swift */; };
		0AC9A170251A98680013F9C7 /* PessoaJuridica.swift in Sources */ = {isa = PBXBuildFile; fileRef = 0AC9A16F251A98680013F9C7 /* PessoaJuridica.swift */; };
		0AC9A173251A9C310013F9C7 /* Assinaturas.swift in Sources */ = {isa = PBXBuildFile; fileRef = 0AC9A172251A9C310013F9C7 /* Assinaturas.swift */; };
/* End PBXBuildFile section */

/* Begin PBXFileReference section */
		0AC9A14C251A970D0013F9C7 /* Jornal.app */ = {isa = PBXFileReference; explicitFileType = wrapper.application; includeInIndex = 0; path = Jornal.app; sourceTree = BUILT_PRODUCTS_DIR; };
		0AC9A14F251A970D0013F9C7 /* AppDelegate.swift */ = {isa = PBXFileReference; lastKnownFileType = sourcecode.swift; path = AppDelegate.swift; sourceTree = "<group>"; };
		0AC9A151251A970D0013F9C7 /* SceneDelegate.swift */ = {isa = PBXFileReference; lastKnownFileType = sourcecode.swift; path = SceneDelegate.swift; sourceTree = "<group>"; };
		0AC9A153251A970D0013F9C7 /* ViewController.swift */ = {isa = PBXFileReference; lastKnownFileType = sourcecode.swift; path = ViewController.swift; sourceTree = "<group>"; };
		0AC9A156251A970D0013F9C7 /* Base */ = {isa = PBXFileReference; lastKnownFileType = file.storyboard; name = Base; path = Base.lproj/Main.storyboard; sourceTree = "<group>"; };
		0AC9A158251A97100013F9C7 /* Assets.xcassets */ = {isa = PBXFileReference; lastKnownFileType = folder.assetcatalog; path = Assets.xcassets; sourceTree = "<group>"; };
		0AC9A15B251A97100013F9C7 /* Base */ = {isa = PBXFileReference; lastKnownFileType = file.storyboard; name = Base; path = Base.lproj/LaunchScreen.storyboard; sourceTree = "<group>"; };
		0AC9A15D251A97100013F9C7 /* Info.plist */ = {isa = PBXFileReference; lastKnownFileType = text.plist.xml; path = Info.plist; sourceTree = "<group>"; };
		0AC9A16C251A984C0013F9C7 /* PessoaFisica.swift */ = {isa = PBXFileReference; lastKnownFileType = sourcecode.swift; path = PessoaFisica.swift; sourceTree = "<group>"; };
		0AC9A16F251A98680013F9C7 /* PessoaJuridica.swift */ = {isa = PBXFileReference; lastKnownFileType = sourcecode.swift; path = PessoaJuridica.swift; sourceTree = "<group>"; };
		0AC9A172251A9C310013F9C7 /* Assinaturas.swift */ = {isa = PBXFileReference; lastKnownFileType = sourcecode.swift; path = Assinaturas.swift; sourceTree = "<group>"; };
/* End PBXFileReference section */

/* Begin PBXFrameworksBuildPhase section */
		0AC9A149251A970D0013F9C7 /* Frameworks */ = {
			isa = PBXFrameworksBuildPhase;
			buildActionMask = 2147483647;
			files = (
			);
			runOnlyForDeploymentPostprocessing = 0;
		};
/* End PBXFrameworksBuildPhase section */

/* Begin PBXGroup section */
		0AC9A143251A970D0013F9C7 = {
			isa = PBXGroup;
			children = (
				0AC9A14E251A970D0013F9C7 /* Jornal */,
				0AC9A14D251A970D0013F9C7 /* Products */,
			);
			sourceTree = "<group>";
		};
		0AC9A14D251A970D0013F9C7 /* Products */ = {
			isa = PBXGroup;
			children = (
				0AC9A14C251A970D0013F9C7 /* Jornal.app */,
			);
			name = Products;
			sourceTree = "<group>";
		};
		0AC9A14E251A970D0013F9C7 /* Jornal */ = {
			isa = PBXGroup;
			children = (
				0AC9A14F251A970D0013F9C7 /* AppDelegate.swift */,
				0AC9A151251A970D0013F9C7 /* SceneDelegate.swift */,
				0AC9A153251A970D0013F9C7 /* ViewController.swift */,
				0AC9A16C251A984C0013F9C7 /* PessoaFisica.swift */,
				0AC9A16F251A98680013F9C7 /* PessoaJuridica.swift */,
				0AC9A172251A9C310013F9C7 /* Assinaturas.swift */,
				0AC9A155251A970D0013F9C7 /* Main.storyboard */,
				0AC9A158251A97100013F9C7 /* Assets.xcassets */,
				0AC9A15A251A97100013F9C7 /* LaunchScreen.storyboard */,
				0AC9A15D251A97100013F9C7 /* Info.plist */,
			);
			path = Jornal;
			sourceTree = "<group>";
		};
/* End PBXGroup section */

/* Begin PBXNativeTarget section */
		0AC9A14B251A970D0013F9C7 /* Jornal */ = {
			isa = PBXNativeTarget;
			buildConfigurationList = 0AC9A160251A97100013F9C7 /* Build configuration list for PBXNativeTarget "Jornal" */;
			buildPhases = (
				0AC9A148251A970D0013F9C7 /* Sources */,
				0AC9A149251A970D0013F9C7 /* Frameworks */,
				0AC9A14A251A970D0013F9C7 /* Resources */,
			);
			buildRules = (
			);
			dependencies = (
			);
			name = Jornal;
			productName = Jornal;
			productReference = 0AC9A14C251A970D0013F9C7 /* Jornal.app */;
			productType = "com.apple.product-type.application";
		};
/* End PBXNativeTarget section */

/* Begin PBXProject section */
		0AC9A144251A970D0013F9C7 /* Project object */ = {
			isa = PBXProject;
			attributes = {
				LastSwiftUpdateCheck = 1200;
				LastUpgradeCheck = 1200;
				TargetAttributes = {
					0AC9A14B251A970D0013F9C7 = {
						CreatedOnToolsVersion = 12.0;
					};
				};
			};
			buildConfigurationList = 0AC9A147251A970D0013F9C7 /* Build configuration list for PBXProject "Jornal" */;
			compatibilityVersion = "Xcode 9.3";
			developmentRegion = en;
			hasScannedForEncodings = 0;
			knownRegions = (
				en,
				Base,
			);
			mainGroup = 0AC9A143251A970D0013F9C7;
			productRefGroup = 0AC9A14D251A970D0013F9C7 /* Products */;
			projectDirPath = "";
			projectRoot = "";
			targets = (
				0AC9A14B251A970D0013F9C7 /* Jornal */,
			);
		};
/* End PBXProject section */

/* Begin PBXResourcesBuildPhase section */
		0AC9A14A251A970D0013F9C7 /* Resources */ = {
			isa = PBXResourcesBuildPhase;
			buildActionMask = 2147483647;
			files = (
				0AC9A15C251A97100013F9C7 /* LaunchScreen.storyboard in Resources */,
				0AC9A159251A97100013F9C7 /* Assets.xcassets in Resources */,
				0AC9A157251A970D0013F9C7 /* Main.storyboard in Resources */,
			);
			runOnlyForDeploymentPostprocessing = 0;
		};
/* End PBXResourcesBuildPhase section */

/* Begin PBXSourcesBuildPhase section */
		0AC9A148251A970D0013F9C7 /* Sources */ = {
			isa = PBXSourcesBuildPhase;
			buildActionMask = 2147483647;
			files = (
				0AC9A170251A98680013F9C7 /* PessoaJuridica.swift in Sources */,
				0AC9A154251A970D0013F9C7 /* ViewController.swift in Sources */,
				0AC9A173251A9C310013F9C7 /* Assinaturas.swift in Sources */,
				0AC9A150251A970D0013F9C7 /* AppDelegate.swift in Sources */,
				0AC9A152251A970D0013F9C7 /* SceneDelegate.swift in Sources */,
				0AC9A16D251A984C0013F9C7 /* PessoaFisica.swift in Sources */,
			);
			runOnlyForDeploymentPostprocessing = 0;
		};
/* End PBXSourcesBuildPhase section */

/* Begin PBXVariantGroup section */
		0AC9A155251A970D0013F9C7 /* Main.storyboard */ = {
			isa = PBXVariantGroup;
			children = (
				0AC9A156251A970D0013F9C7 /* Base */,
			);
			name = Main.storyboard;
			sourceTree = "<group>";
		};
		0AC9A15A251A97100013F9C7 /* LaunchScreen.storyboard */ = {
			isa = PBXVariantGroup;
			children = (
				0AC9A15B251A97100013F9C7 /* Base */,
			);
			name = LaunchScreen.storyboard;
			sourceTree = "<group>";
		};
/* End PBXVariantGroup section */

/* Begin XCBuildConfiguration section */
		0AC9A15E251A97100013F9C7 /* Debug */ = {
			isa = XCBuildConfiguration;
			buildSettings = {
				ALWAYS_SEARCH_USER_PATHS = NO;
				CLANG_ANALYZER_NONNULL = YES;
				CLANG_ANALYZER_NUMBER_OBJECT_CONVERSION = YES_AGGRESSIVE;
				CLANG_CXX_LANGUAGE_STANDARD = "gnu++14";
				CLANG_CXX_LIBRARY = "libc++";
				CLANG_ENABLE_MODULES = YES;
				CLANG_ENABLE_OBJC_ARC = YES;
				CLANG_ENABLE_OBJC_WEAK = YES;
				CLANG_WARN_BLOCK_CAPTURE_AUTORELEASING = YES;
				CLANG_WARN_BOOL_CONVERSION = YES;
				CLANG_WARN_COMMA = YES;
				CLANG_WARN_CONSTANT_CONVERSION = YES;
				CLANG_WARN_DEPRECATED_OBJC_IMPLEMENTATIONS = YES;
				CLANG_WARN_DIRECT_OBJC_ISA_USAGE = YES_ERROR;
				CLANG_WARN_DOCUMENTATION_COMMENTS = YES;
				CLANG_WARN_EMPTY_BODY = YES;
				CLANG_WARN_ENUM_CONVERSION = YES;
				CLANG_WARN_INFINITE_RECURSION = YES;
				CLANG_WARN_INT_CONVERSION = YES;
				CLANG_WARN_NON_LITERAL_NULL_CONVERSION = YES;
				CLANG_WARN_OBJC_IMPLICIT_RETAIN_SELF = YES;
				CLANG_WARN_OBJC_LITERAL_CONVERSION = YES;
				CLANG_WARN_OBJC_ROOT_CLASS = YES_ERROR;
				CLANG_WARN_QUOTED_INCLUDE_IN_FRAMEWORK_HEADER = YES;
				CLANG_WARN_RANGE_LOOP_ANALYSIS = YES;
				CLANG_WARN_STRICT_PROTOTYPES = YES;
				CLANG_WARN_SUSPICIOUS_MOVE = YES;
				CLANG_WARN_UNGUARDED_AVAILABILITY = YES_AGGRESSIVE;
				CLANG_WARN_UNREACHABLE_CODE = YES;
				CLANG_WARN__DUPLICATE_METHOD_MATCH = YES;
				COPY_PHASE_STRIP = NO;
				DEBUG_INFORMATION_FORMAT = dwarf;
				ENABLE_STRICT_OBJC_MSGSEND = YES;
				ENABLE_TESTABILITY = YES;
				GCC_C_LANGUAGE_STANDARD = gnu11;
				GCC_DYNAMIC_NO_PIC = NO;
				GCC_NO_COMMON_BLOCKS = YES;
				GCC_OPTIMIZATION_LEVEL = 0;
				GCC_PREPROCESSOR_DEFINITIONS = (
					"DEBUG=1",
					"$(inherited)",
				);
				GCC_WARN_64_TO_32_BIT_CONVERSION = YES;
				GCC_WARN_ABOUT_RETURN_TYPE = YES_ERROR;
				GCC_WARN_UNDECLARED_SELECTOR = YES;
				GCC_WARN_UNINITIALIZED_AUTOS = YES_AGGRESSIVE;
				GCC_WARN_UNUSED_FUNCTION = YES;
				GCC_WARN_UNUSED_VARIABLE = YES;
				IPHONEOS_DEPLOYMENT_TARGET = 14.0;
				MTL_ENABLE_DEBUG_INFO = INCLUDE_SOURCE;
				MTL_FAST_MATH = YES;
				ONLY_ACTIVE_ARCH = YES;
				SDKROOT = iphoneos;
				SWIFT_ACTIVE_COMPILATION_CONDITIONS = DEBUG;
				SWIFT_OPTIMIZATION_LEVEL = "-Onone";
			};
			name = Debug;
		};
		0AC9A15F251A97100013F9C7 /* Release */ = {
			isa = XCBuildConfiguration;
			buildSettings = {
				ALWAYS_SEARCH_USER_PATHS = NO;
				CLANG_ANALYZER_NONNULL = YES;
				CLANG_ANALYZER_NUMBER_OBJECT_CONVERSION = YES_AGGRESSIVE;
				CLANG_CXX_LANGUAGE_STANDARD = "gnu++14";
				CLANG_CXX_LIBRARY = "libc++";
				CLANG_ENABLE_MODULES = YES;
				CLANG_ENABLE_OBJC_ARC = YES;
				CLANG_ENABLE_OBJC_WEAK = YES;
				CLANG_WARN_BLOCK_CAPTURE_AUTORELEASING = YES;
				CLANG_WARN_BOOL_CONVERSION = YES;
				CLANG_WARN_COMMA = YES;
				CLANG_WARN_CONSTANT_CONVERSION = YES;
				CLANG_WARN_DEPRECATED_OBJC_IMPLEMENTATIONS = YES;
				CLANG_WARN_DIRECT_OBJC_ISA_USAGE = YES_ERROR;
				CLANG_WARN_DOCUMENTATION_COMMENTS = YES;
				CLANG_WARN_EMPTY_BODY = YES;
				CLANG_WARN_ENUM_CONVERSION = YES;
				CLANG_WARN_INFINITE_RECURSION = YES;
				CLANG_WARN_INT_CONVERSION = YES;
				CLANG_WARN_NON_LITERAL_NULL_CONVERSION = YES;
				CLANG_WARN_OBJC_IMPLICIT_RETAIN_SELF = YES;
				CLANG_WARN_OBJC_LITERAL_CONVERSION = YES;
				CLANG_WARN_OBJC_ROOT_CLASS = YES_ERROR;
				CLANG_WARN_QUOTED_INCLUDE_IN_FRAMEWORK_HEADER = YES;
				CLANG_WARN_RANGE_LOOP_ANALYSIS = YES;
				CLANG_WARN_STRICT_PROTOTYPES = YES;
				CLANG_WARN_SUSPICIOUS_MOVE = YES;
				CLANG_WARN_UNGUARDED_AVAILABILITY = YES_AGGRESSIVE;
				CLANG_WARN_UNREACHABLE_CODE = YES;
				CLANG_WARN__DUPLICATE_METHOD_MATCH = YES;
				COPY_PHASE_STRIP = NO;
				DEBUG_INFORMATION_FORMAT = "dwarf-with-dsym";
				ENABLE_NS_ASSERTIONS = NO;
				ENABLE_STRICT_OBJC_MSGSEND = YES;
				GCC_C_LANGUAGE_STANDARD = gnu11;
				GCC_NO_COMMON_BLOCKS = YES;
				GCC_WARN_64_TO_32_BIT_CONVERSION = YES;
				GCC_WARN_ABOUT_RETURN_TYPE = YES_ERROR;
				GCC_WARN_UNDECLARED_SELECTOR = YES;
				GCC_WARN_UNINITIALIZED_AUTOS = YES_AGGRESSIVE;
				GCC_WARN_UNUSED_FUNCTION = YES;
				GCC_WARN_UNUSED_VARIABLE = YES;
				IPHONEOS_DEPLOYMENT_TARGET = 14.0;
				MTL_ENABLE_DEBUG_INFO = NO;
				MTL_FAST_MATH = YES;
				SDKROOT = iphoneos;
				SWIFT_COMPILATION_MODE = wholemodule;
				SWIFT_OPTIMIZATION_LEVEL = "-O";
				VALIDATE_PRODUCT = YES;
			};
			name = Release;
		};
		0AC9A161251A97100013F9C7 /* Debug */ = {
			isa = XCBuildConfiguration;
			buildSettings = {
				ASSETCATALOG_COMPILER_APPICON_NAME = AppIcon;
				ASSETCATALOG_COMPILER_GLOBAL_ACCENT_COLOR_NAME = AccentColor;
				CODE_SIGN_STYLE = Automatic;
				INFOPLIST_FILE = Jornal/Info.plist;
				LD_RUNPATH_SEARCH_PATHS = (
					"$(inherited)",
					"@executable_path/Frameworks",
				);
				PRODUCT_BUNDLE_IDENTIFIER = com.glr.Jornal;
				PRODUCT_NAME = "$(TARGET_NAME)";
				SWIFT_VERSION = 5.0;
				TARGETED_DEVICE_FAMILY = "1,2";
			};
			name = Debug;
		};
		0AC9A162251A97100013F9C7 /* Release */ = {
			isa = XCBuildConfiguration;
			buildSettings = {
				ASSETCATALOG_COMPILER_APPICON_NAME = AppIcon;
				ASSETCATALOG_COMPILER_GLOBAL_ACCENT_COLOR_NAME = AccentColor;
				CODE_SIGN_STYLE = Automatic;
				INFOPLIST_FILE = Jornal/Info.plist;
				LD_RUNPATH_SEARCH_PATHS = (
					"$(inherited)",
					"@executable_path/Frameworks",
				);
				PRODUCT_BUNDLE_IDENTIFIER = com.glr.Jornal;
				PRODUCT_NAME = "$(TARGET_NAME)";
				SWIFT_VERSION = 5.0;
				TARGETED_DEVICE_FAMILY = "1,2";
			};
			name = Release;
		};
/* End XCBuildConfiguration section */

/* Begin XCConfigurationList section */
		0AC9A147251A970D0013F9C7 /* Build configuration list for PBXProject "Jornal" */ = {
			isa = XCConfigurationList;
			buildConfigurations = (
				0AC9A15E251A97100013F9C7 /* Debug */,
				0AC9A15F251A97100013F9C7 /* Release */,
			);
			defaultConfigurationIsVisible = 0;
			defaultConfigurationName = Release;
		};
		0AC9A160251A97100013F9C7 /* Build configuration list for PBXNativeTarget "Jornal" */ = {
			isa = XCConfigurationList;
			buildConfigurations = (
				0AC9A161251A97100013F9C7 /* Debug */,
				0AC9A162251A97100013F9C7 /* Release */,
			);
			defaultConfigurationIsVisible = 0;
			defaultConfigurationName = Release;
		};
/* End XCConfigurationList section */
	};
	rootObject = 0AC9A144251A970D0013F9C7 /* Project object */;
}
